
Microsoft Visual Studio Solution File, Format Version 12.00
# Visual Studio Version 17
VisualStudioVersion = 17.7.34024.191
MinimumVisualStudioVersion = 10.0.40219.1
Project("{FAE04EC0-301F-11D3-BF4B-00C04F79EFBC}") = "OOO_Gentlmen", "OOO_Gentlmen\OOO_Gentlmen.csproj", "{410F1661-6244-4B01-8146-6689241B05E4}"
EndProject
Project("{FAE04EC0-301F-11D3-BF4B-00C04F79EFBC}") = "GentlmenTests", "GentlmenTests\GentlmenTests.csproj", "{B2148BCE-E6FE-42C3-945E-B0FB03209E07}"
EndProject
Global
	GlobalSection(SolutionConfigurationPlatforms) = preSolution
		Debug|Any CPU = Debug|Any CPU
		Release|Any CPU = Release|Any CPU
	EndGlobalSection
	GlobalSection(ProjectConfigurationPlatforms) = postSolution
		{410F1661-6244-4B01-8146-6689241B05E4}.Debug|Any CPU.ActiveCfg = Debug|Any CPU
		{410F1661-6244-4B01-8146-6689241B05E4}.Debug|Any CPU.Build.0 = Debug|Any CPU
		{410F1661-6244-4B01-8146-6689241B05E4}.Release|Any CPU.ActiveCfg = Release|Any CPU
		{410F1661-6244-4B01-8146-6689241B05E4}.Release|Any CPU.Build.0 = Release|Any CPU
		{B2148BCE-E6FE-42C3-945E-B0FB03209E07}.Debug|Any CPU.ActiveCfg = Debug|Any CPU
		{B2148BCE-E6FE-42C3-945E-B0FB03209E07}.Debug|Any CPU.Build.0 = Debug|Any CPU
		{B2148BCE-E6FE-42C3-945E-B0FB03209E07}.Release|Any CPU.ActiveCfg = Release|Any CPU
		{B2148BCE-E6FE-42C3-945E-B0FB03209E07}.Release|Any CPU.Build.0 = Release|Any CPU
	EndGlobalSection
	GlobalSection(SolutionProperties) = preSolution
		HideSolutionNode = FALSE
	EndGlobalSection
	GlobalSection(ExtensibilityGlobals) = postSolution
		SolutionGuid = {E74EA7D7-3929-44EB-9CE2-1FC573D54F11}
	EndGlobalSection
EndGlobal
